# VJS install manifest (REG-INSTALL-MANIFEST-001). Atomic sha256 lock of the
# REG-INVOCATION-001 surface. Re-lock with `vjs install-lock` after a surface change.
schema_version = 1
generated_at = "2026-08-15T21:46:25.518643+00:00"
config_digest = "sha256:fbaa00868e347337f5bd755588c4819bef3b2db38a1e7949f3d610223f6949a7"
invocation = ".vjs/invocation/20260815-185201-local-sovereign-invocation.yaml"
invocation_digest = "sha256:5d9de42ccf448e1040cf9d36a302adafde0be88994f4484769a4c112443c64e0"
lawpack_lock = ".vjs/lawpack.lock"
hooks = ["pre-commit", "pre-push"]
hook_digests = ["sha256:cdec6480a003156f3ada727ac174ccf6246d8e6d59bdf6ba593a9f2eba658667", "sha256:e75b4b3cc3d4d76b77af4e12a50a1f269198924b6a4e06e77d39fca98e3a32e8"]
adapters = ["claude-post_action.sh", "claude-pre_write.sh", "claude-session_start.sh", "codex-post_action.sh", "codex-pre_write.sh", "codex-session_start.sh", "gemini-post_action.sh", "gemini-pre_write.sh", "gemini-session_start.sh", "mcp-post_action.sh", "mcp-pre_write.sh", "mcp-session_start.sh", "opencode-post_action.sh", "opencode-pre_write.sh", "opencode-session_start.sh", "shell-post_action.sh", "shell-pre_write.sh", "shell-session_start.sh"]
