schema_version: 1
generated_at: 2026-08-16T07:28:53Z
entries:
- path: ../vibe-design-system/target/release/vds
  digest: sha256:c7af8d5b16c3adfb2e97b496a7215d1bd1754789ee12704c30edcb68f7e6189c
  kind: released_binary
  invoked_by:
  - surface: package_script
    reference: npm test
    blocking: true
  - surface: ci_workflow
    reference: .github/workflows/vds-enforce.yml job:design step:design gates
    blocking: true
  proves: []
  failing_direction_test:
  - path: apps/server/test/vds-gate.test.ts
    test_name: vds binary fails on a seeded stored colour
    seeds: the pinned binary exits non-zero on a seeded stored-colour violation
  pinned_at: 2026-08-16T07:18:38Z
  pinned_by: williamlilley
  provenance: a6fb7ce
- path: apps/server/test/mapplaces.test.ts
  digest: sha256:279ad39a168fd4f85582824b124510c25e398ce4f45d062affc901eee911a938
  kind: proof_script
  invoked_by:
  - surface: ci_workflow
    reference: .github/workflows/vds-enforce.yml job:test step:unit tests
    blocking: true
  proves:
  - composition
  failing_direction_test:
  - path: apps/server/test/mapplaces.test.ts
    test_name: viewport loads by bbox intersection
    seeds: rejects places outside the bbox
  pinned_at: 2026-08-15T22:15:02Z
  pinned_by: williamlilley
- path: apps/server/test/vds-gate.test.ts
  digest: sha256:0eaf7b47bde603c55da7d6b1200374820d49b55404584f2a8d1901b0ab6435a6
  kind: criteria_grader
  invoked_by:
  - surface: package_script
    reference: npm test
    blocking: true
  - surface: ci_workflow
    reference: .github/workflows/vds-enforce.yml job:design step:binary negative control
    blocking: true
  proves: []
  failing_direction_test:
  - path: apps/server/test/vds-gate.test.ts
    test_name: vds binary fails on a seeded stored colour
    seeds: released binary exits non-zero on a seeded stored-colour violation
  pinned_at: 2026-08-16T07:28:53Z
  pinned_by: williamlilley
  supersedes_digest: sha256:be0f74e80676172f12e5b268dcda8fcd7a9684b5d10a35dc2702ab92dbb836e9
  relock_rationale: 'Portability fix only: VDS_BIN now resolves against the repo root (was an absolute home path and an env-relative path that broke under the CI workspace cwd). The seeded violation and the asserted non-zero exit are unchanged.'
- path: e2e/live.spec.ts
  digest: sha256:1c089ea5469a5829a6eef6bc063c554040560cc76c98b48052c3710a7ad95810
  kind: criteria_grader
  invoked_by:
  - surface: ci_workflow
    reference: .github/workflows/vds-enforce.yml job:e2e step:e2e journey
    blocking: true
  proves: []
  failing_direction_test:
  - path: e2e/live.spec.ts
    test_name: two users, one live map
    seeds: signup to live pin journey incl invite acceptance
  pinned_at: 2026-08-15T22:28:02Z
  pinned_by: williamlilley
  supersedes_digest: sha256:7843123125c36e8709e32a2260b0ae3535c9ad0d4c867fb14bb6ff5f4e3f791b
  relock_rationale: 'Flake fix only: Bob now waits on his own map source holding the feature before clicking the pin (observed CI race, run 31911840777). The journey asserted is unchanged: signup, invite, live pin visible to the second user. Negative control unchanged.'
